
Microsoft Visual Studio Solution File, Format Version 12.00
# Visual Studio 15
VisualStudioVersion = 15.0.28010.2003
MinimumVisualStudioVersion = 10.0.40219.1
Project("{FAE04EC0-301F-11D3-BF4B-00C04F79EFBC}") = "Communicator.Android", "Communicator\Communicator.Android\Communicator.Android.csproj", "{8C25467A-4F8F-4D50-AAA8-AB53DE345718}"
EndProject
Project("{FAE04EC0-301F-11D3-BF4B-00C04F79EFBC}") = "Communicator", "Communicator\Communicator\Communicator.csproj", "{0901B00B-1E81-45FE-A5B3-B203BEDD154A}"
EndProject
Global
	GlobalSection(SolutionConfigurationPlatforms) = preSolution
		Debug|Any CPU = Debug|Any CPU
		Release|Any CPU = Release|Any CPU
	EndGlobalSection
	GlobalSection(ProjectConfigurationPlatforms) = postSolution
		{8C25467A-4F8F-4D50-AAA8-AB53DE345718}.Debug|Any CPU.ActiveCfg = Debug|Any CPU
		{8C25467A-4F8F-4D50-AAA8-AB53DE345718}.Debug|Any CPU.Build.0 = Debug|Any CPU
		{8C25467A-4F8F-4D50-AAA8-AB53DE345718}.Debug|Any CPU.Deploy.0 = Debug|Any CPU
		{8C25467A-4F8F-4D50-AAA8-AB53DE345718}.Release|Any CPU.ActiveCfg = Release|Any CPU
		{8C25467A-4F8F-4D50-AAA8-AB53DE345718}.Release|Any CPU.Build.0 = Release|Any CPU
		{8C25467A-4F8F-4D50-AAA8-AB53DE345718}.Release|Any CPU.Deploy.0 = Release|Any CPU
		{0901B00B-1E81-45FE-A5B3-B203BEDD154A}.Debug|Any CPU.ActiveCfg = Debug|Any CPU
		{0901B00B-1E81-45FE-A5B3-B203BEDD154A}.Debug|Any CPU.Build.0 = Debug|Any CPU
		{0901B00B-1E81-45FE-A5B3-B203BEDD154A}.Release|Any CPU.ActiveCfg = Release|Any CPU
		{0901B00B-1E81-45FE-A5B3-B203BEDD154A}.Release|Any CPU.Build.0 = Release|Any CPU
	EndGlobalSection
	GlobalSection(SolutionProperties) = preSolution
		HideSolutionNode = FALSE
	EndGlobalSection
	GlobalSection(ExtensibilityGlobals) = postSolution
		SolutionGuid = {F742CF68-AE03-42F1-911F-4412DABCDB43}
	EndGlobalSection
EndGlobal
